lockfileVersion: '6.0'

settings:
  autoInstallPeers: true
  excludeLinksFromLockfile: false

dependencies:
  typescript:
    specifier: ^5.0.0
    version: 5.3.3

devDependencies:
  bun-types:
    specifier: latest
    version: 1.0.17

packages:

  /bun-types@1.0.17:
    resolution: {integrity: sha512-5dj7Pi0qmZB1gaY2LmtKKrKixgnxi/qDcawsA4ttWQhT0jWyecSEB8la7c6DIgrMkJciixAtyLLe3aj0SJaRAw==}
    dev: true

  /typescript@5.3.3:
    resolution: {integrity: sha512-pXWcraxM0uxAS+tN0AG/BF2TyqmHO014Z070UsJ+pFvYuRSq8KH8DmWpnbXe0pEPDHXZV3FcAbJkijJ5oNEnWw==}
    engines: {node: '>=14.17'}
    hasBin: true
    dev: false
